// !$*UTF8*$!
{
	archiveVersion = 1;
	classes = {
	};
	objectVersion = 46;
	objects = {

/* Begin PBXBuildFile section */
		B71DEDE81BE10E960017552B /* AppDelegate.swift in Sources */ = {isa = PBXBuildFile; fileRef = B71DEDE71BE10E960017552B /* AppDelegate.swift */; };
		B71DEDEA1BE10E960017552B /* FirstViewController.swift in Sources */ = {isa = PBXBuildFile; fileRef = B71DEDE91BE10E960017552B /* FirstViewController.swift */; };
		B71DEDEC1BE10E960017552B /* SecondViewController.swift in Sources */ = {isa = PBXBuildFile; fileRef = B71DEDEB1BE10E960017552B /* SecondViewController.swift */; };
		B71DEDEF1BE10E960017552B /* Main.storyboard in Resources */ = {isa = PBXBuildFile; fileRef = B71DEDED1BE10E960017552B /* Main.storyboard */; };
		B71DEDF11BE10E960017552B /* Assets.xcassets in Resources */ = {isa = PBXBuildFile; fileRef = B71DEDF01BE10E960017552B /* Assets.xcassets */; };
		B71DEDF41BE10E960017552B /* LaunchScreen.storyboard in Resources */ = {isa = PBXBuildFile; fileRef = B71DEDF21BE10E960017552B /* LaunchScreen.storyboard */; };
		B71DEDFE1BE11B950017552B /* ThirdViewController.swift in Sources */ = {isa = PBXBuildFile; fileRef = B71DEDFD1BE11B950017552B /* ThirdViewController.swift */; };
/* End PBXBuildFile section */

/* Begin PBXFileReference section */
		B71DEDE41BE10E960017552B /* MyFavoritePlace.app */ = {isa = PBXFileReference; explicitFileType = wrapper.application; includeInIndex = 0; path = MyFavoritePlace.app; sourceTree = BUILT_PRODUCTS_DIR; };
		B71DEDE71BE10E960017552B /* AppDelegate.swift */ = {isa = PBXFileReference; lastKnownFileType = sourcecode.swift; path = AppDelegate.swift; sourceTree = "<group>"; };
		B71DEDE91BE10E960017552B /* FirstViewController.swift */ = {isa = PBXFileReference; lastKnownFileType = sourcecode.swift; path = FirstViewController.swift; sourceTree = "<group>"; };
		B71DEDEB1BE10E960017552B /* SecondViewController.swift */ = {isa = PBXFileReference; lastKnownFileType = sourcecode.swift; path = SecondViewController.swift; sourceTree = "<group>"; };
		B71DEDEE1BE10E960017552B /* Base */ = {isa = PBXFileReference; lastKnownFileType = file.storyboard; name = Base; path = Base.lproj/Main.storyboard; sourceTree = "<group>"; };
		B71DEDF01BE10E960017552B /* Assets.xcassets */ = {isa = PBXFileReference; lastKnownFileType = folder.assetcatalog; path = Assets.xcassets; sourceTree = "<group>"; };
		B71DEDF31BE10E960017552B /* Base */ = {isa = PBXFileReference; lastKnownFileType = file.storyboard; name = Base; path = Base.lproj/LaunchScreen.storyboard; sourceTree = "<group>"; };
		B71DEDF51BE10E960017552B /* Info.plist */ = {isa = PBXFileReference; lastKnownFileType = text.plist.xml; path = Info.plist; sourceTree = "<group>"; };
		B71DEDFD1BE11B950017552B /* ThirdViewController.swift */ = {isa = PBXFileReference; fileEncoding = 4; lastKnownFileType = sourcecode.swift; path = ThirdViewController.swift; sourceTree = "<group>"; };
/* End PBXFileReference section */

/* Begin PBXFrameworksBuildPhase section */
		B71DEDE11BE10E960017552B /* Frameworks */ = {
			isa = PBXFrameworksBuildPhase;
			buildActionMask = 2147483647;
			files = (
			);
			runOnlyForDeploymentPostprocessing = 0;
		};
/* End PBXFrameworksBuildPhase section */

/* Begin PBXGroup section */
		B71DEDDB1BE10E960017552B = {
			isa = PBXGroup;
			children = (
				B71DEDE61BE10E960017552B /* MyFavoritePlace */,
				B71DEDE51BE10E960017552B /* Products */,
			);
			sourceTree = "<group>";
		};
		B71DEDE51BE10E960017552B /* Products */ = {
			isa = PBXGroup;
			children = (
				B71DEDE41BE10E960017552B /* MyFavoritePlace.app */,
			);
			name = Products;
			sourceTree = "<group>";
		};
		B71DEDE61BE10E960017552B /* MyFavoritePlace */ = {
			isa = PBXGroup;
			children = (
				B71DEDFC1BE11B690017552B /* Controller */,
				B71DEDFB1BE110500017552B /* Main */,
				B71DEDED1BE10E960017552B /* Main.storyboard */,
			);
			path = MyFavoritePlace;
			sourceTree = "<group>";
		};
		B71DEDFB1BE110500017552B /* Main */ = {
			isa = PBXGroup;
			children = (
				B71DEDE71BE10E960017552B /* AppDelegate.swift */,
				B71DEDF01BE10E960017552B /* Assets.xcassets */,
				B71DEDF21BE10E960017552B /* LaunchScreen.storyboard */,
				B71DEDF51BE10E960017552B /* Info.plist */,
			);
			name = Main;
			sourceTree = "<group>";
		};
		B71DEDFC1BE11B690017552B /* Controller */ = {
			isa = PBXGroup;
			children = (
				B71DEDE91BE10E960017552B /* FirstViewController.swift */,
				B71DEDEB1BE10E960017552B /* SecondViewController.swift */,
				B71DEDFD1BE11B950017552B /* ThirdViewController.swift */,
			);
			name = Controller;
			sourceTree = "<group>";
		};
/* End PBXGroup section */

/* Begin PBXNativeTarget section */
		B71DEDE31BE10E960017552B /* MyFavoritePlace */ = {
			isa = PBXNativeTarget;
			buildConfigurationList = B71DEDF81BE10E960017552B /* Build configuration list for PBXNativeTarget "MyFavoritePlace" */;
			buildPhases = (
				B71DEDE01BE10E960017552B /* Sources */,
				B71DEDE11BE10E960017552B /* Frameworks */,
				B71DEDE21BE10E960017552B /* Resources */,
			);
			buildRules = (
			);
			dependencies = (
			);
			name = MyFavoritePlace;
			productName = MyFavoritePlace;
			productReference = B71DEDE41BE10E960017552B /* MyFavoritePlace.app */;
			productType = "com.apple.product-type.application";
		};
/* End PBXNativeTarget section */

/* Begin PBXProject section */
		B71DEDDC1BE10E960017552B /* Project object */ = {
			isa = PBXProject;
			attributes = {
				LastSwiftUpdateCheck = 0710;
				LastUpgradeCheck = 0710;
				ORGANIZATIONNAME = com.kostov;
				TargetAttributes = {
					B71DEDE31BE10E960017552B = {
						CreatedOnToolsVersion = 7.1;
						DevelopmentTeam = 47KQE9A93N;
					};
				};
			};
			buildConfigurationList = B71DEDDF1BE10E960017552B /* Build configuration list for PBXProject "MyFavoritePlace" */;
			compatibilityVersion = "Xcode 3.2";
			developmentRegion = English;
			hasScannedForEncodings = 0;
			knownRegions = (
				en,
				Base,
			);
			mainGroup = B71DEDDB1BE10E960017552B;
			productRefGroup = B71DEDE51BE10E960017552B /* Products */;
			projectDirPath = "";
			projectRoot = "";
			targets = (
				B71DEDE31BE10E960017552B /* MyFavoritePlace */,
			);
		};
/* End PBXProject section */

/* Begin PBXResourcesBuildPhase section */
		B71DEDE21BE10E960017552B /* Resources */ = {
			isa = PBXResourcesBuildPhase;
			buildActionMask = 2147483647;
			files = (
				B71DEDF41BE10E960017552B /* LaunchScreen.storyboard in Resources */,
				B71DEDF11BE10E960017552B /* Assets.xcassets in Resources */,
				B71DEDEF1BE10E960017552B /* Main.storyboard in Resources */,
			);
			runOnlyForDeploymentPostprocessing = 0;
		};
/* End PBXResourcesBuildPhase section */

/* Begin PBXSourcesBuildPhase section */
		B71DEDE01BE10E960017552B /* Sources */ = {
			isa = PBXSourcesBuildPhase;
			buildActionMask = 2147483647;
			files = (
				B71DEDEC1BE10E960017552B /* SecondViewController.swift in Sources */,
				B71DEDE81BE10E960017552B /* AppDelegate.swift in Sources */,
				B71DEDFE1BE11B950017552B /* ThirdViewController.swift in Sources */,
				B71DEDEA1BE10E960017552B /* FirstViewController.swift in Sources */,
			);
			runOnlyForDeploymentPostprocessing = 0;
		};
/* End PBXSourcesBuildPhase section */

/* Begin PBXVariantGroup section */
		B71DEDED1BE10E960017552B /* Main.storyboard */ = {
			isa = PBXVariantGroup;
			children = (
				B71DEDEE1BE10E960017552B /* Base */,
			);
			name = Main.storyboard;
			sourceTree = "<group>";
		};
		B71DEDF21BE10E960017552B /* LaunchScreen.storyboard */ = {
			isa = PBXVariantGroup;
			children = (
				B71DEDF31BE10E960017552B /* Base */,
			);
			name = LaunchScreen.storyboard;
			sourceTree = "<group>";
		};
/* End PBXVariantGroup section */

/* Begin XCBuildConfiguration section */
		B71DEDF61BE10E960017552B /* Debug */ = {
			isa = XCBuildConfiguration;
			buildSettings = {
				ALWAYS_SEARCH_USER_PATHS = NO;
				CLANG_CXX_LANGUAGE_STANDARD = "gnu++0x";
				CLANG_CXX_LIBRARY = "libc++";
				CLANG_ENABLE_MODULES = YES;
				CLANG_ENABLE_OBJC_ARC = YES;
				CLANG_WARN_BOOL_CONVERSION = YES;
				CLANG_WARN_CONSTANT_CONVERSION = YES;
				CLANG_WARN_DIRECT_OBJC_ISA_USAGE = YES_ERROR;
				CLANG_WARN_EMPTY_BODY = YES;
				CLANG_WARN_ENUM_CONVERSION = YES;
				CLANG_WARN_INT_CONVERSION = YES;
				CLANG_WARN_OBJC_ROOT_CLASS = YES_ERROR;
				CLANG_WARN_UNREACHABLE_CODE = YES;
				CLANG_WARN__DUPLICATE_METHOD_MATCH = YES;
				"CODE_SIGN_IDENTITY[sdk=iphoneos*]" = "iPhone Developer";
				COPY_PHASE_STRIP = NO;
				DEBUG_INFORMATION_FORMAT = dwarf;
				ENABLE_STRICT_OBJC_MSGSEND = YES;
				ENABLE_TESTABILITY = YES;
				GCC_C_LANGUAGE_STANDARD = gnu99;
				GCC_DYNAMIC_NO_PIC = NO;
				GCC_NO_COMMON_BLOCKS = YES;
				GCC_OPTIMIZATION_LEVEL = 0;
				GCC_PREPROCESSOR_DEFINITIONS = (
					"DEBUG=1",
					"$(inherited)",
				);
				GCC_WARN_64_TO_32_BIT_CONVERSION = YES;
				GCC_WARN_ABOUT_RETURN_TYPE = YES_ERROR;
				GCC_WARN_UNDECLARED_SELECTOR = YES;
				GCC_WARN_UNINITIALIZED_AUTOS = YES_AGGRESSIVE;
				GCC_WARN_UNUSED_FUNCTION = YES;
				GCC_WARN_UNUSED_VARIABLE = YES;
				IPHONEOS_DEPLOYMENT_TARGET = 9.1;
				MTL_ENABLE_DEBUG_INFO = YES;
				ONLY_ACTIVE_ARCH = YES;
				SDKROOT = iphoneos;
				SWIFT_OPTIMIZATION_LEVEL = "-Onone";
				TARGETED_DEVICE_FAMILY = "1,2";
			};
			name = Debug;
		};
		B71DEDF71BE10E960017552B /* Release */ = {
			isa = XCBuildConfiguration;
			buildSettings = {
				ALWAYS_SEARCH_USER_PATHS = NO;
				CLANG_CXX_LANGUAGE_STANDARD = "gnu++0x";
				CLANG_CXX_LIBRARY = "libc++";
				CLANG_ENABLE_MODULES = YES;
				CLANG_ENABLE_OBJC_ARC = YES;
				CLANG_WARN_BOOL_CONVERSION = YES;
				CLANG_WARN_CONSTANT_CONVERSION = YES;
				CLANG_WARN_DIRECT_OBJC_ISA_USAGE = YES_ERROR;
				CLANG_WARN_EMPTY_BODY = YES;
				CLANG_WARN_ENUM_CONVERSION = YES;
				CLANG_WARN_INT_CONVERSION = YES;
				CLANG_WARN_OBJC_ROOT_CLASS = YES_ERROR;
				CLANG_WARN_UNREACHABLE_CODE = YES;
				CLANG_WARN__DUPLICATE_METHOD_MATCH = YES;
				"CODE_SIGN_IDENTITY[sdk=iphoneos*]" = "iPhone Developer";
				COPY_PHASE_STRIP = NO;
				DEBUG_INFORMATION_FORMAT = "dwarf-with-dsym";
				ENABLE_NS_ASSERTIONS = NO;
				ENABLE_STRICT_OBJC_MSGSEND = YES;
				GCC_C_LANGUAGE_STANDARD = gnu99;
				GCC_NO_COMMON_BLOCKS = YES;
				GCC_WARN_64_TO_32_BIT_CONVERSION = YES;
				GCC_WARN_ABOUT_RETURN_TYPE = YES_ERROR;
				GCC_WARN_UNDECLARED_SELECTOR = YES;
				GCC_WARN_UNINITIALIZED_AUTOS = YES_AGGRESSIVE;
				GCC_WARN_UNUSED_FUNCTION = YES;
				GCC_WARN_UNUSED_VARIABLE = YES;
				IPHONEOS_DEPLOYMENT_TARGET = 9.1;
				MTL_ENABLE_DEBUG_INFO = NO;
				SDKROOT = iphoneos;
				TARGETED_DEVICE_FAMILY = "1,2";
				VALIDATE_PRODUCT = YES;
			};
			name = Release;
		};
		B71DEDF91BE10E960017552B /* Debug */ = {
			isa = XCBuildConfiguration;
			buildSettings = {
				ASSETCATALOG_COMPILER_APPICON_NAME = AppIcon;
				CODE_SIGN_IDENTITY = "iPhone Developer";
				"CODE_SIGN_IDENTITY[sdk=iphoneos*]" = "iPhone Developer";
				INFOPLIST_FILE = MyFavoritePlace/Info.plist;
				LD_RUNPATH_SEARCH_PATHS = "$(inherited) @executable_path/Frameworks";
				PRODUCT_BUNDLE_IDENTIFIER = com.kostov.MyFavoritePlace;
				PRODUCT_NAME = "$(TARGET_NAME)";
				PROVISIONING_PROFILE = "";
			};
			name = Debug;
		};
		B71DEDFA1BE10E960017552B /* Release */ = {
			isa = XCBuildConfiguration;
			buildSettings = {
				ASSETCATALOG_COMPILER_APPICON_NAME = AppIcon;
				CODE_SIGN_IDENTITY = "iPhone Developer";
				"CODE_SIGN_IDENTITY[sdk=iphoneos*]" = "iPhone Developer";
				INFOPLIST_FILE = MyFavoritePlace/Info.plist;
				LD_RUNPATH_SEARCH_PATHS = "$(inherited) @executable_path/Frameworks";
				PRODUCT_BUNDLE_IDENTIFIER = com.kostov.MyFavoritePlace;
				PRODUCT_NAME = "$(TARGET_NAME)";
				PROVISIONING_PROFILE = "";
			};
			name = Release;
		};
/* End XCBuildConfiguration section */

/* Begin XCConfigurationList section */
		B71DEDDF1BE10E960017552B /* Build configuration list for PBXProject "MyFavoritePlace" */ = {
			isa = XCConfigurationList;
			buildConfigurations = (
				B71DEDF61BE10E960017552B /* Debug */,
				B71DEDF71BE10E960017552B /* Release */,
			);
			defaultConfigurationIsVisible = 0;
			defaultConfigurationName = Release;
		};
		B71DEDF81BE10E960017552B /* Build configuration list for PBXNativeTarget "MyFavoritePlace" */ = {
			isa = XCConfigurationList;
			buildConfigurations = (
				B71DEDF91BE10E960017552B /* Debug */,
				B71DEDFA1BE10E960017552B /* Release */,
			);
			defaultConfigurationIsVisible = 0;
		};
/* End XCConfigurationList section */
	};
	rootObject = B71DEDDC1BE10E960017552B /* Project object */;
}
